
Microsoft Visual Studio Solution File, Format Version 12.00
# Visual Studio Version 16
VisualStudioVersion = 16.0.32002.261
MinimumVisualStudioVersion = 10.0.40219.1
Project("{FAE04EC0-301F-11D3-BF4B-00C04F79EFBC}") = "PrimeiraAtividade.Android", "PrimeiraAtividade\PrimeiraAtividade.Android\PrimeiraAtividade.Android.csproj", "{5CBE0FEE-0207-4BCC-945E-F1F7DF42BE6F}"
EndProject
Project("{FAE04EC0-301F-11D3-BF4B-00C04F79EFBC}") = "PrimeiraAtividade.iOS", "PrimeiraAtividade\PrimeiraAtividade.iOS\PrimeiraAtividade.iOS.csproj", "{60C0061F-5F03-4482-885A-0BDEFF36991B}"
EndProject
Project("{FAE04EC0-301F-11D3-BF4B-00C04F79EFBC}") = "PrimeiraAtividade", "PrimeiraAtividade\PrimeiraAtividade\PrimeiraAtividade.csproj", "{D5DDA7DF-5D6D-457E-809B-81BFC76090E1}"
EndProject
Global
	GlobalSection(SolutionConfigurationPlatforms) = preSolution
		Debug|Any CPU = Debug|Any CPU
		Debug|iPhone = Debug|iPhone
		Debug|iPhoneSimulator = Debug|iPhoneSimulator
		Release|Any CPU = Release|Any CPU
		Release|iPhone = Release|iPhone
		Release|iPhoneSimulator = Release|iPhoneSimulator
	EndGlobalSection
	GlobalSection(ProjectConfigurationPlatforms) = postSolution
		{5CBE0FEE-0207-4BCC-945E-F1F7DF42BE6F}.Debug|Any CPU.ActiveCfg = Debug|Any CPU
		{5CBE0FEE-0207-4BCC-945E-F1F7DF42BE6F}.Debug|Any CPU.Build.0 = Debug|Any CPU
		{5CBE0FEE-0207-4BCC-945E-F1F7DF42BE6F}.Debug|Any CPU.Deploy.0 = Debug|Any CPU
		{5CBE0FEE-0207-4BCC-945E-F1F7DF42BE6F}.Debug|iPhone.ActiveCfg = Debug|Any CPU
		{5CBE0FEE-0207-4BCC-945E-F1F7DF42BE6F}.Debug|iPhone.Build.0 = Debug|Any CPU
		{5CBE0FEE-0207-4BCC-945E-F1F7DF42BE6F}.Debug|iPhone.Deploy.0 = Debug|Any CPU
		{5CBE0FEE-0207-4BCC-945E-F1F7DF42BE6F}.Debug|iPhoneSimulator.ActiveCfg = Debug|Any CPU
		{5CBE0FEE-0207-4BCC-945E-F1F7DF42BE6F}.Debug|iPhoneSimulator.Build.0 = Debug|Any CPU
		{5CBE0FEE-0207-4BCC-945E-F1F7DF42BE6F}.Debug|iPhoneSimulator.Deploy.0 = Debug|Any CPU
		{5CBE0FEE-0207-4BCC-945E-F1F7DF42BE6F}.Release|Any CPU.ActiveCfg = Release|Any CPU
		{5CBE0FEE-0207-4BCC-945E-F1F7DF42BE6F}.Release|Any CPU.Build.0 = Release|Any CPU
		{5CBE0FEE-0207-4BCC-945E-F1F7DF42BE6F}.Release|Any CPU.Deploy.0 = Release|Any CPU
		{5CBE0FEE-0207-4BCC-945E-F1F7DF42BE6F}.Release|iPhone.ActiveCfg = Release|Any CPU
		{5CBE0FEE-0207-4BCC-945E-F1F7DF42BE6F}.Release|iPhone.Build.0 = Release|Any CPU
		{5CBE0FEE-0207-4BCC-945E-F1F7DF42BE6F}.Release|iPhone.Deploy.0 = Release|Any CPU
		{5CBE0FEE-0207-4BCC-945E-F1F7DF42BE6F}.Release|iPhoneSimulator.ActiveCfg = Release|Any CPU
		{5CBE0FEE-0207-4BCC-945E-F1F7DF42BE6F}.Release|iPhoneSimulator.Build.0 = Release|Any CPU
		{5CBE0FEE-0207-4BCC-945E-F1F7DF42BE6F}.Release|iPhoneSimulator.Deploy.0 = Release|Any CPU
		{60C0061F-5F03-4482-885A-0BDEFF36991B}.Debug|Any CPU.ActiveCfg = Debug|iPhone
		{60C0061F-5F03-4482-885A-0BDEFF36991B}.Debug|Any CPU.Build.0 = Debug|iPhone
		{60C0061F-5F03-4482-885A-0BDEFF36991B}.Debug|Any CPU.Deploy.0 = Debug|iPhone
		{60C0061F-5F03-4482-885A-0BDEFF36991B}.Debug|iPhone.ActiveCfg = Debug|iPhone
		{60C0061F-5F03-4482-885A-0BDEFF36991B}.Debug|iPhone.Build.0 = Debug|iPhone
		{60C0061F-5F03-4482-885A-0BDEFF36991B}.Debug|iPhone.Deploy.0 = Debug|iPhone
		{60C0061F-5F03-4482-885A-0BDEFF36991B}.Debug|iPhoneSimulator.ActiveCfg = Debug|iPhoneSimulator
		{60C0061F-5F03-4482-885A-0BDEFF36991B}.Debug|iPhoneSimulator.Build.0 = Debug|iPhoneSimulator
		{60C0061F-5F03-4482-885A-0BDEFF36991B}.Debug|iPhoneSimulator.Deploy.0 = Debug|iPhoneSimulator
		{60C0061F-5F03-4482-885A-0BDEFF36991B}.Release|Any CPU.ActiveCfg = Release|iPhoneSimulator
		{60C0061F-5F03-4482-885A-0BDEFF36991B}.Release|Any CPU.Build.0 = Release|iPhoneSimulator
		{60C0061F-5F03-4482-885A-0BDEFF36991B}.Release|Any CPU.Deploy.0 = Release|iPhoneSimulator
		{60C0061F-5F03-4482-885A-0BDEFF36991B}.Release|iPhone.ActiveCfg = Release|iPhone
		{60C0061F-5F03-4482-885A-0BDEFF36991B}.Release|iPhone.Build.0 = Release|iPhone
		{60C0061F-5F03-4482-885A-0BDEFF36991B}.Release|iPhone.Deploy.0 = Release|iPhone
		{60C0061F-5F03-4482-885A-0BDEFF36991B}.Release|iPhoneSimulator.ActiveCfg = Release|iPhoneSimulator
		{60C0061F-5F03-4482-885A-0BDEFF36991B}.Release|iPhoneSimulator.Build.0 = Release|iPhoneSimulator
		{60C0061F-5F03-4482-885A-0BDEFF36991B}.Release|iPhoneSimulator.Deploy.0 = Release|iPhoneSimulator
		{D5DDA7DF-5D6D-457E-809B-81BFC76090E1}.Debug|Any CPU.ActiveCfg = Debug|Any CPU
		{D5DDA7DF-5D6D-457E-809B-81BFC76090E1}.Debug|Any CPU.Build.0 = Debug|Any CPU
		{D5DDA7DF-5D6D-457E-809B-81BFC76090E1}.Debug|Any CPU.Deploy.0 = Debug|Any CPU
		{D5DDA7DF-5D6D-457E-809B-81BFC76090E1}.Debug|iPhone.ActiveCfg = Debug|Any CPU
		{D5DDA7DF-5D6D-457E-809B-81BFC76090E1}.Debug|iPhone.Build.0 = Debug|Any CPU
		{D5DDA7DF-5D6D-457E-809B-81BFC76090E1}.Debug|iPhone.Deploy.0 = Debug|Any CPU
		{D5DDA7DF-5D6D-457E-809B-81BFC76090E1}.Debug|iPhoneSimulator.ActiveCfg = Debug|Any CPU
		{D5DDA7DF-5D6D-457E-809B-81BFC76090E1}.Debug|iPhoneSimulator.Build.0 = Debug|Any CPU
		{D5DDA7DF-5D6D-457E-809B-81BFC76090E1}.Debug|iPhoneSimulator.Deploy.0 = Debug|Any CPU
		{D5DDA7DF-5D6D-457E-809B-81BFC76090E1}.Release|Any CPU.ActiveCfg = Release|Any CPU
		{D5DDA7DF-5D6D-457E-809B-81BFC76090E1}.Release|Any CPU.Build.0 = Release|Any CPU
		{D5DDA7DF-5D6D-457E-809B-81BFC76090E1}.Release|Any CPU.Deploy.0 = Release|Any CPU
		{D5DDA7DF-5D6D-457E-809B-81BFC76090E1}.Release|iPhone.ActiveCfg = Release|Any CPU
		{D5DDA7DF-5D6D-457E-809B-81BFC76090E1}.Release|iPhone.Build.0 = Release|Any CPU
		{D5DDA7DF-5D6D-457E-809B-81BFC76090E1}.Release|iPhone.Deploy.0 = Release|Any CPU
		{D5DDA7DF-5D6D-457E-809B-81BFC76090E1}.Release|iPhoneSimulator.ActiveCfg = Release|Any CPU
		{D5DDA7DF-5D6D-457E-809B-81BFC76090E1}.Release|iPhoneSimulator.Build.0 = Release|Any CPU
		{D5DDA7DF-5D6D-457E-809B-81BFC76090E1}.Release|iPhoneSimulator.Deploy.0 = Release|Any CPU
	EndGlobalSection
	GlobalSection(SolutionProperties) = preSolution
		HideSolutionNode = FALSE
	EndGlobalSection
	GlobalSection(ExtensibilityGlobals) = postSolution
		SolutionGuid = {AEC61E45-6426-422B-B6E3-D7817FBF6978}
	EndGlobalSection
EndGlobal
